Microsoft Visual Studio Solution File, Format Version 11.00
# Visual Studio 2008

Project("{03545B28-F944-B4CF-063E-0AA8FF2993A3}") = "Hello Unity", "Assembly-CSharp.csproj", "{80489538-9D4C-9169-3577-2B344221F882}"
EndProject
Global
	GlobalSection(SolutionConfigurationPlatforms) = preSolution
		Debug|Any CPU = Debug|Any CPU
		Release|Any CPU = Release|Any CPU
	EndGlobalSection
	GlobalSection(ProjectConfigurationPlatforms) = postSolution
		{80489538-9D4C-9169-3577-2B344221F882}.Debug|Any CPU.ActiveCfg = Debug|Any CPU
		{80489538-9D4C-9169-3577-2B344221F882}.Debug|Any CPU.Build.0 = Debug|Any CPU
		{80489538-9D4C-9169-3577-2B344221F882}.Release|Any CPU.ActiveCfg = Release|Any CPU
		{80489538-9D4C-9169-3577-2B344221F882}.Release|Any CPU.Build.0 = Release|Any CPU
	EndGlobalSection
	GlobalSection(SolutionProperties) = preSolution
		HideSolutionNode = FALSE
	EndGlobalSection
	GlobalSection(MonoDevelopProperties) = preSolution
		StartupItem = Assembly-CSharp.csproj
	EndGlobalSection
EndGlobal
